
Microsoft Visual Studio Solution File, Format Version 12.00
# Visual Studio Version 16
VisualStudioVersion = 16.0.30621.155
MinimumVisualStudioVersion = 10.0.40219.1
Project("{9A19103F-16F7-4668-BE54-9A1E7A4F7556}") = "homework1", "homework1\homework1.csproj", "{75793E17-1D89-444F-A631-205B311C08F5}"
EndProject
Project("{2150E333-8FDC-42A3-9474-1A3956D46DE8}") = "labwork1", "labwork1", "{F83FF792-2925-4392-B507-24E991448ECE}"
EndProject
Project("{2150E333-8FDC-42A3-9474-1A3956D46DE8}") = "labwork2", "labwork2", "{C712905C-3DD6-48F2-8860-0014F6CACA97}"
EndProject
Project("{9A19103F-16F7-4668-BE54-9A1E7A4F7556}") = "homework2", "homework2\homework2.csproj", "{B10E3459-5251-481D-A8CC-6F8FADA1A39C}"
EndProject
Project("{2150E333-8FDC-42A3-9474-1A3956D46DE8}") = "labwork3", "labwork3", "{C8AD3130-BAB7-4793-886D-52F42ABC1456}"
EndProject
Project("{9A19103F-16F7-4668-BE54-9A1E7A4F7556}") = "Homework3_task1", "Homework3_task1\Homework3_task1.csproj", "{7570BB5F-B0C1-46F3-8F83-BDDA88D7447C}"
EndProject
Project("{9A19103F-16F7-4668-BE54-9A1E7A4F7556}") = "Homework3_task2", "Homework3_task2\Homework3_task2.csproj", "{C5727B73-79C1-4F86-B2F7-2A4D05725DF9}"
EndProject
Project("{9A19103F-16F7-4668-BE54-9A1E7A4F7556}") = "Homework3_task3", "Homework3_task3\Homework3_task3.csproj", "{AD5F65F6-BD77-46D5-BAE0-2A9753E9C8E0}"
EndProject
Project("{2150E333-8FDC-42A3-9474-1A3956D46DE8}") = "labwork4", "labwork4", "{70A776D2-2200-472C-8F4A-AD272B1CBAE1}"
EndProject
Project("{9A19103F-16F7-4668-BE54-9A1E7A4F7556}") = "homework4_task1", "homework4_task1\homework4_task1.csproj", "{9FEDE4F2-F771-4B0A-B074-28F5490F12DF}"
EndProject
Project("{9A19103F-16F7-4668-BE54-9A1E7A4F7556}") = "homework4_task2", "homework4_task2\homework4_task2.csproj", "{08966A9F-E59B-4DE0-97AF-2DE32FA46AAD}"
EndProject
Project("{9A19103F-16F7-4668-BE54-9A1E7A4F7556}") = "homework4_task3", "homework4_task3\homework4_task3.csproj", "{504961FC-D70C-4A40-BBAE-9D79E3849A55}"
EndProject
Project("{9A19103F-16F7-4668-BE54-9A1E7A4F7556}") = "homework4_task4", "homework4_task4\homework4_task4.csproj", "{7FB55DFC-1E61-4F79-BE9D-B9473069615C}"
EndProject
Project("{9A19103F-16F7-4668-BE54-9A1E7A4F7556}") = "Homework5_tasks", "Homework5_tasks\Homework5_tasks.csproj", "{E92E7CD5-93AF-40B9-A5C8-6E7DCC67C9FB}"
EndProject
Project("{2150E333-8FDC-42A3-9474-1A3956D46DE8}") = "labwork5", "labwork5", "{374BF755-90D6-4234-9B6F-83D41C4320C4}"
EndProject
Project("{9A19103F-16F7-4668-BE54-9A1E7A4F7556}") = "Homework5_task2", "Homework5_task2\Homework5_task2.csproj", "{9C1EEEE2-A9B4-450C-853D-01303B2C9570}"
EndProject
Project("{9A19103F-16F7-4668-BE54-9A1E7A4F7556}") = "Homework6", "Homework6\Homework6.csproj", "{E3FFC005-DE2B-472F-A863-04802E04D5A9}"
EndProject
Project("{2150E333-8FDC-42A3-9474-1A3956D46DE8}") = "labwork6", "labwork6", "{450090E0-E0A4-4927-A4E8-BBA01A83F85F}"
EndProject
Project("{2150E333-8FDC-42A3-9474-1A3956D46DE8}") = "labwork7", "labwork7", "{BB40F965-A879-423F-AAC9-6DFF676F37D5}"
EndProject
Project("{9A19103F-16F7-4668-BE54-9A1E7A4F7556}") = "homework7_task1", "homework7_task1\homework7_task1.csproj", "{5D8D689E-E0F9-4BAC-85FE-086E4FCDF8E2}"
EndProject
Project("{9A19103F-16F7-4668-BE54-9A1E7A4F7556}") = "homework7_task3", "homework7_task3\homework7_task3.csproj", "{51101079-CEA7-4422-AE08-C13A64A9608E}"
EndProject
Project("{2150E333-8FDC-42A3-9474-1A3956D46DE8}") = "labwork8", "labwork8", "{E8E5F4C7-5819-46A6-9017-3C47FB474E2C}"
EndProject
Project("{9A19103F-16F7-4668-BE54-9A1E7A4F7556}") = "homework8_task1", "homework8_task1\homework8_task1.csproj", "{CDAFB195-9CAB-43A1-8F03-707EF3F86967}"
EndProject
Project("{FAE04EC0-301F-11D3-BF4B-00C04F79EFBC}") = "homework8_task2", "homework8_task2\homework8_task2.csproj", "{1ED18650-D5F0-4773-8894-F66C230F3690}"
EndProject
Project("{FAE04EC0-301F-11D3-BF4B-00C04F79EFBC}") = "homework8_task3binary", "homework8_task3\homework8_task3binary.csproj", "{3FE8E51E-2A36-4389-A5C5-136598832FBB}"
EndProject
Global
	GlobalSection(SolutionConfigurationPlatforms) = preSolution
		Debug|Any CPU = Debug|Any CPU
		Release|Any CPU = Release|Any CPU
	EndGlobalSection
	GlobalSection(ProjectConfigurationPlatforms) = postSolution
		{75793E17-1D89-444F-A631-205B311C08F5}.Debug|Any CPU.ActiveCfg = Debug|Any CPU
		{75793E17-1D89-444F-A631-205B311C08F5}.Debug|Any CPU.Build.0 = Debug|Any CPU
		{75793E17-1D89-444F-A631-205B311C08F5}.Release|Any CPU.ActiveCfg = Release|Any CPU
		{75793E17-1D89-444F-A631-205B311C08F5}.Release|Any CPU.Build.0 = Release|Any CPU
		{B10E3459-5251-481D-A8CC-6F8FADA1A39C}.Debug|Any CPU.ActiveCfg = Debug|Any CPU
		{B10E3459-5251-481D-A8CC-6F8FADA1A39C}.Debug|Any CPU.Build.0 = Debug|Any CPU
		{B10E3459-5251-481D-A8CC-6F8FADA1A39C}.Release|Any CPU.ActiveCfg = Release|Any CPU
		{B10E3459-5251-481D-A8CC-6F8FADA1A39C}.Release|Any CPU.Build.0 = Release|Any CPU
		{7570BB5F-B0C1-46F3-8F83-BDDA88D7447C}.Debug|Any CPU.ActiveCfg = Debug|Any CPU
		{7570BB5F-B0C1-46F3-8F83-BDDA88D7447C}.Debug|Any CPU.Build.0 = Debug|Any CPU
		{7570BB5F-B0C1-46F3-8F83-BDDA88D7447C}.Release|Any CPU.ActiveCfg = Release|Any CPU
		{7570BB5F-B0C1-46F3-8F83-BDDA88D7447C}.Release|Any CPU.Build.0 = Release|Any CPU
		{C5727B73-79C1-4F86-B2F7-2A4D05725DF9}.Debug|Any CPU.ActiveCfg = Debug|Any CPU
		{C5727B73-79C1-4F86-B2F7-2A4D05725DF9}.Debug|Any CPU.Build.0 = Debug|Any CPU
		{C5727B73-79C1-4F86-B2F7-2A4D05725DF9}.Release|Any CPU.ActiveCfg = Release|Any CPU
		{C5727B73-79C1-4F86-B2F7-2A4D05725DF9}.Release|Any CPU.Build.0 = Release|Any CPU
		{AD5F65F6-BD77-46D5-BAE0-2A9753E9C8E0}.Debug|Any CPU.ActiveCfg = Debug|Any CPU
		{AD5F65F6-BD77-46D5-BAE0-2A9753E9C8E0}.Debug|Any CPU.Build.0 = Debug|Any CPU
		{AD5F65F6-BD77-46D5-BAE0-2A9753E9C8E0}.Release|Any CPU.ActiveCfg = Release|Any CPU
		{AD5F65F6-BD77-46D5-BAE0-2A9753E9C8E0}.Release|Any CPU.Build.0 = Release|Any CPU
		{9FEDE4F2-F771-4B0A-B074-28F5490F12DF}.Debug|Any CPU.ActiveCfg = Debug|Any CPU
		{9FEDE4F2-F771-4B0A-B074-28F5490F12DF}.Debug|Any CPU.Build.0 = Debug|Any CPU
		{9FEDE4F2-F771-4B0A-B074-28F5490F12DF}.Release|Any CPU.ActiveCfg = Release|Any CPU
		{9FEDE4F2-F771-4B0A-B074-28F5490F12DF}.Release|Any CPU.Build.0 = Release|Any CPU
		{08966A9F-E59B-4DE0-97AF-2DE32FA46AAD}.Debug|Any CPU.ActiveCfg = Debug|Any CPU
		{08966A9F-E59B-4DE0-97AF-2DE32FA46AAD}.Debug|Any CPU.Build.0 = Debug|Any CPU
		{08966A9F-E59B-4DE0-97AF-2DE32FA46AAD}.Release|Any CPU.ActiveCfg = Release|Any CPU
		{08966A9F-E59B-4DE0-97AF-2DE32FA46AAD}.Release|Any CPU.Build.0 = Release|Any CPU
		{504961FC-D70C-4A40-BBAE-9D79E3849A55}.Debug|Any CPU.ActiveCfg = Debug|Any CPU
		{504961FC-D70C-4A40-BBAE-9D79E3849A55}.Debug|Any CPU.Build.0 = Debug|Any CPU
		{504961FC-D70C-4A40-BBAE-9D79E3849A55}.Release|Any CPU.ActiveCfg = Release|Any CPU
		{504961FC-D70C-4A40-BBAE-9D79E3849A55}.Release|Any CPU.Build.0 = Release|Any CPU
		{7FB55DFC-1E61-4F79-BE9D-B9473069615C}.Debug|Any CPU.ActiveCfg = Debug|Any CPU
		{7FB55DFC-1E61-4F79-BE9D-B9473069615C}.Debug|Any CPU.Build.0 = Debug|Any CPU
		{7FB55DFC-1E61-4F79-BE9D-B9473069615C}.Release|Any CPU.ActiveCfg = Release|Any CPU
		{7FB55DFC-1E61-4F79-BE9D-B9473069615C}.Release|Any CPU.Build.0 = Release|Any CPU
		{E92E7CD5-93AF-40B9-A5C8-6E7DCC67C9FB}.Debug|Any CPU.ActiveCfg = Debug|Any CPU
		{E92E7CD5-93AF-40B9-A5C8-6E7DCC67C9FB}.Debug|Any CPU.Build.0 = Debug|Any CPU
		{E92E7CD5-93AF-40B9-A5C8-6E7DCC67C9FB}.Release|Any CPU.ActiveCfg = Release|Any CPU
		{E92E7CD5-93AF-40B9-A5C8-6E7DCC67C9FB}.Release|Any CPU.Build.0 = Release|Any CPU
		{9C1EEEE2-A9B4-450C-853D-01303B2C9570}.Debug|Any CPU.ActiveCfg = Debug|Any CPU
		{9C1EEEE2-A9B4-450C-853D-01303B2C9570}.Debug|Any CPU.Build.0 = Debug|Any CPU
		{9C1EEEE2-A9B4-450C-853D-01303B2C9570}.Release|Any CPU.ActiveCfg = Release|Any CPU
		{9C1EEEE2-A9B4-450C-853D-01303B2C9570}.Release|Any CPU.Build.0 = Release|Any CPU
		{E3FFC005-DE2B-472F-A863-04802E04D5A9}.Debug|Any CPU.ActiveCfg = Debug|Any CPU
		{E3FFC005-DE2B-472F-A863-04802E04D5A9}.Debug|Any CPU.Build.0 = Debug|Any CPU
		{E3FFC005-DE2B-472F-A863-04802E04D5A9}.Release|Any CPU.ActiveCfg = Release|Any CPU
		{E3FFC005-DE2B-472F-A863-04802E04D5A9}.Release|Any CPU.Build.0 = Release|Any CPU
		{5D8D689E-E0F9-4BAC-85FE-086E4FCDF8E2}.Debug|Any CPU.ActiveCfg = Debug|Any CPU
		{5D8D689E-E0F9-4BAC-85FE-086E4FCDF8E2}.Debug|Any CPU.Build.0 = Debug|Any CPU
		{5D8D689E-E0F9-4BAC-85FE-086E4FCDF8E2}.Release|Any CPU.ActiveCfg = Release|Any CPU
		{5D8D689E-E0F9-4BAC-85FE-086E4FCDF8E2}.Release|Any CPU.Build.0 = Release|Any CPU
		{51101079-CEA7-4422-AE08-C13A64A9608E}.Debug|Any CPU.ActiveCfg = Debug|Any CPU
		{51101079-CEA7-4422-AE08-C13A64A9608E}.Debug|Any CPU.Build.0 = Debug|Any CPU
		{51101079-CEA7-4422-AE08-C13A64A9608E}.Release|Any CPU.ActiveCfg = Release|Any CPU
		{51101079-CEA7-4422-AE08-C13A64A9608E}.Release|Any CPU.Build.0 = Release|Any CPU
		{CDAFB195-9CAB-43A1-8F03-707EF3F86967}.Debug|Any CPU.ActiveCfg = Debug|Any CPU
		{CDAFB195-9CAB-43A1-8F03-707EF3F86967}.Debug|Any CPU.Build.0 = Debug|Any CPU
		{CDAFB195-9CAB-43A1-8F03-707EF3F86967}.Release|Any CPU.ActiveCfg = Release|Any CPU
		{CDAFB195-9CAB-43A1-8F03-707EF3F86967}.Release|Any CPU.Build.0 = Release|Any CPU
		{1ED18650-D5F0-4773-8894-F66C230F3690}.Debug|Any CPU.ActiveCfg = Debug|Any CPU
		{1ED18650-D5F0-4773-8894-F66C230F3690}.Debug|Any CPU.Build.0 = Debug|Any CPU
		{1ED18650-D5F0-4773-8894-F66C230F3690}.Release|Any CPU.ActiveCfg = Release|Any CPU
		{1ED18650-D5F0-4773-8894-F66C230F3690}.Release|Any CPU.Build.0 = Release|Any CPU
		{3FE8E51E-2A36-4389-A5C5-136598832FBB}.Debug|Any CPU.ActiveCfg = Debug|Any CPU
		{3FE8E51E-2A36-4389-A5C5-136598832FBB}.Debug|Any CPU.Build.0 = Debug|Any CPU
		{3FE8E51E-2A36-4389-A5C5-136598832FBB}.Release|Any CPU.ActiveCfg = Release|Any CPU
		{3FE8E51E-2A36-4389-A5C5-136598832FBB}.Release|Any CPU.Build.0 = Release|Any CPU
	EndGlobalSection
	GlobalSection(SolutionProperties) = preSolution
		HideSolutionNode = FALSE
	EndGlobalSection
	GlobalSection(NestedProjects) = preSolution
		{75793E17-1D89-444F-A631-205B311C08F5} = {F83FF792-2925-4392-B507-24E991448ECE}
		{B10E3459-5251-481D-A8CC-6F8FADA1A39C} = {C712905C-3DD6-48F2-8860-0014F6CACA97}
		{7570BB5F-B0C1-46F3-8F83-BDDA88D7447C} = {C8AD3130-BAB7-4793-886D-52F42ABC1456}
		{C5727B73-79C1-4F86-B2F7-2A4D05725DF9} = {C8AD3130-BAB7-4793-886D-52F42ABC1456}
		{AD5F65F6-BD77-46D5-BAE0-2A9753E9C8E0} = {C8AD3130-BAB7-4793-886D-52F42ABC1456}
		{9FEDE4F2-F771-4B0A-B074-28F5490F12DF} = {70A776D2-2200-472C-8F4A-AD272B1CBAE1}
		{08966A9F-E59B-4DE0-97AF-2DE32FA46AAD} = {70A776D2-2200-472C-8F4A-AD272B1CBAE1}
		{504961FC-D70C-4A40-BBAE-9D79E3849A55} = {70A776D2-2200-472C-8F4A-AD272B1CBAE1}
		{7FB55DFC-1E61-4F79-BE9D-B9473069615C} = {70A776D2-2200-472C-8F4A-AD272B1CBAE1}
		{E92E7CD5-93AF-40B9-A5C8-6E7DCC67C9FB} = {374BF755-90D6-4234-9B6F-83D41C4320C4}
		{9C1EEEE2-A9B4-450C-853D-01303B2C9570} = {374BF755-90D6-4234-9B6F-83D41C4320C4}
		{E3FFC005-DE2B-472F-A863-04802E04D5A9} = {450090E0-E0A4-4927-A4E8-BBA01A83F85F}
		{5D8D689E-E0F9-4BAC-85FE-086E4FCDF8E2} = {BB40F965-A879-423F-AAC9-6DFF676F37D5}
		{51101079-CEA7-4422-AE08-C13A64A9608E} = {BB40F965-A879-423F-AAC9-6DFF676F37D5}
		{CDAFB195-9CAB-43A1-8F03-707EF3F86967} = {E8E5F4C7-5819-46A6-9017-3C47FB474E2C}
		{1ED18650-D5F0-4773-8894-F66C230F3690} = {E8E5F4C7-5819-46A6-9017-3C47FB474E2C}
		{3FE8E51E-2A36-4389-A5C5-136598832FBB} = {E8E5F4C7-5819-46A6-9017-3C47FB474E2C}
	EndGlobalSection
	GlobalSection(ExtensibilityGlobals) = postSolution
		SolutionGuid = {B94CA242-DBF3-4221-87AE-AC7BF47B66E3}
	EndGlobalSection
EndGlobal
